
Microsoft Visual Studio Solution File, Format Version 12.00
# Visual Studio 15
VisualStudioVersion = 15.0.27703.2035
MinimumVisualStudioVersion = 10.0.40219.1
Project("{FAE04EC0-301F-11D3-BF4B-00C04F79EFBC}") = "RestApi", "RestApi\RestApi.csproj", "{88217C6F-E1E1-4E1B-949D-F13501058034}"
EndProject
Project("{E24C65DC-7377-472B-9ABA-BC803B73C61A}") = "WebSite1(1)", "WebSite1\", "{2D2E960B-73D8-44F7-ACA8-4B67F38908A9}"
	ProjectSection(WebsiteProperties) = preProject
		TargetFrameworkMoniker = ".NETFramework,Version%3Dv4.6.1"
		ProjectReferences = "{88217c6f-e1e1-4e1b-949d-f13501058034}|RestApi.dll;"
		Debug.AspNetCompiler.VirtualPath = "/localhost_60792"
		Debug.AspNetCompiler.PhysicalPath = "WebSite1\"
		Debug.AspNetCompiler.TargetPath = "PrecompiledWeb\localhost_60792\"
		Debug.AspNetCompiler.Updateable = "true"
		Debug.AspNetCompiler.ForceOverwrite = "true"
		Debug.AspNetCompiler.FixedNames = "false"
		Debug.AspNetCompiler.Debug = "True"
		Release.AspNetCompiler.VirtualPath = "/localhost_60792"
		Release.AspNetCompiler.PhysicalPath = "WebSite1\"
		Release.AspNetCompiler.TargetPath = "PrecompiledWeb\localhost_60792\"
		Release.AspNetCompiler.Updateable = "true"
		Release.AspNetCompiler.ForceOverwrite = "true"
		Release.AspNetCompiler.FixedNames = "false"
		Release.AspNetCompiler.Debug = "False"
		VWDPort = "60792"
		SlnRelativePath = "WebSite1\"
		DefaultWebSiteLanguage = "Visual C#"
	EndProjectSection
EndProject
Global
	GlobalSection(SolutionConfigurationPlatforms) = preSolution
		Debug|Any CPU = Debug|Any CPU
		Release|Any CPU = Release|Any CPU
	EndGlobalSection
	GlobalSection(ProjectConfigurationPlatforms) = postSolution
		{88217C6F-E1E1-4E1B-949D-F13501058034}.Debug|Any CPU.ActiveCfg = Debug|Any CPU
		{88217C6F-E1E1-4E1B-949D-F13501058034}.Debug|Any CPU.Build.0 = Debug|Any CPU
		{88217C6F-E1E1-4E1B-949D-F13501058034}.Release|Any CPU.ActiveCfg = Release|Any CPU
		{88217C6F-E1E1-4E1B-949D-F13501058034}.Release|Any CPU.Build.0 = Release|Any CPU
		{2D2E960B-73D8-44F7-ACA8-4B67F38908A9}.Debug|Any CPU.ActiveCfg = Debug|Any CPU
		{2D2E960B-73D8-44F7-ACA8-4B67F38908A9}.Debug|Any CPU.Build.0 = Debug|Any CPU
		{2D2E960B-73D8-44F7-ACA8-4B67F38908A9}.Release|Any CPU.ActiveCfg = Debug|Any CPU
		{2D2E960B-73D8-44F7-ACA8-4B67F38908A9}.Release|Any CPU.Build.0 = Debug|Any CPU
	EndGlobalSection
	GlobalSection(SolutionProperties) = preSolution
		HideSolutionNode = FALSE
	EndGlobalSection
	GlobalSection(ExtensibilityGlobals) = postSolution
		SolutionGuid = {31DECBC3-A6FD-476A-853F-F33D343DEEEF}
	EndGlobalSection
EndGlobal
